
Microsoft Visual Studio Solution File, Format Version 12.00
# Visual Studio Version 16
VisualStudioVersion = 16.0.30114.105
MinimumVisualStudioVersion = 10.0.40219.1
Project("{E24C65DC-7377-472B-9ABA-BC803B73C61A}") = "CurrencyNumbersToWordsWCFService", ".", "{182B9C92-18B6-4C22-9093-DBCC9FD67C94}"
	ProjectSection(WebsiteProperties) = preProject
		TargetFrameworkMoniker = ".NETFramework,Version%3Dv4.7.2"
		Debug.AspNetCompiler.VirtualPath = "/localhost_50134"
		Debug.AspNetCompiler.PhysicalPath = "..\CurrencyNumbersToWordsWCFService\"
		Debug.AspNetCompiler.TargetPath = "PrecompiledWeb\localhost_50134\"
		Debug.AspNetCompiler.Updateable = "true"
		Debug.AspNetCompiler.ForceOverwrite = "true"
		Debug.AspNetCompiler.FixedNames = "false"
		Debug.AspNetCompiler.Debug = "True"
		Release.AspNetCompiler.VirtualPath = "/localhost_50134"
		Release.AspNetCompiler.PhysicalPath = "..\CurrencyNumbersToWordsWCFService\"
		Release.AspNetCompiler.TargetPath = "PrecompiledWeb\localhost_50134\"
		Release.AspNetCompiler.Updateable = "true"
		Release.AspNetCompiler.ForceOverwrite = "true"
		Release.AspNetCompiler.FixedNames = "false"
		Release.AspNetCompiler.Debug = "False"
		VWDPort = "50134"
		SlnRelativePath = "..\CurrencyNumbersToWordsWCFService\"
		DefaultWebSiteLanguage = "Visual C#"
	EndProjectSection
EndProject
Project("{FAE04EC0-301F-11D3-BF4B-00C04F79EFBC}") = "UnitTestCurrencyNumbersToWordsWCFService", "..\UnitTestCurrencyNumbersToWordsWCFService\UnitTestCurrencyNumbersToWordsWCFService.csproj", "{E0A8CE52-6DA6-4DDC-AB37-208AA5858250}"
	ProjectSection(ProjectDependencies) = postProject
		{182B9C92-18B6-4C22-9093-DBCC9FD67C94} = {182B9C92-18B6-4C22-9093-DBCC9FD67C94}
	EndProjectSection
EndProject
Global
	GlobalSection(SolutionConfigurationPlatforms) = preSolution
		Debug|Any CPU = Debug|Any CPU
		Release|Any CPU = Release|Any CPU
	EndGlobalSection
	GlobalSection(ProjectConfigurationPlatforms) = postSolution
		{182B9C92-18B6-4C22-9093-DBCC9FD67C94}.Debug|Any CPU.ActiveCfg = Debug|Any CPU
		{182B9C92-18B6-4C22-9093-DBCC9FD67C94}.Debug|Any CPU.Build.0 = Debug|Any CPU
		{182B9C92-18B6-4C22-9093-DBCC9FD67C94}.Release|Any CPU.ActiveCfg = Debug|Any CPU
		{182B9C92-18B6-4C22-9093-DBCC9FD67C94}.Release|Any CPU.Build.0 = Debug|Any CPU
		{E0A8CE52-6DA6-4DDC-AB37-208AA5858250}.Debug|Any CPU.ActiveCfg = Debug|Any CPU
		{E0A8CE52-6DA6-4DDC-AB37-208AA5858250}.Debug|Any CPU.Build.0 = Debug|Any CPU
		{E0A8CE52-6DA6-4DDC-AB37-208AA5858250}.Release|Any CPU.ActiveCfg = Release|Any CPU
		{E0A8CE52-6DA6-4DDC-AB37-208AA5858250}.Release|Any CPU.Build.0 = Release|Any CPU
	EndGlobalSection
	GlobalSection(SolutionProperties) = preSolution
		HideSolutionNode = FALSE
	EndGlobalSection
	GlobalSection(ExtensibilityGlobals) = postSolution
		SolutionGuid = {832BE1FA-CD45-4765-A250-F6E09B38048E}
	EndGlobalSection
EndGlobal
